
Microsoft Visual Studio Solution File, Format Version 12.00
# Visual Studio Version 17
VisualStudioVersion = 17.9.34728.123
MinimumVisualStudioVersion = 10.0.40219.1
Project("{FAE04EC0-301F-11D3-BF4B-00C04F79EFBC}") = "FormularioSimple", "FormularioSimple\FormularioSimple.csproj", "{491D8252-0A0A-4635-B37E-422B95778640}"
EndProject
Global
	GlobalSection(SolutionConfigurationPlatforms) = preSolution
		Debug|Any CPU = Debug|Any CPU
		Release|Any CPU = Release|Any CPU
	EndGlobalSection
	GlobalSection(ProjectConfigurationPlatforms) = postSolution
		{491D8252-0A0A-4635-B37E-422B95778640}.Debug|Any CPU.ActiveCfg = Debug|Any CPU
		{491D8252-0A0A-4635-B37E-422B95778640}.Debug|Any CPU.Build.0 = Debug|Any CPU
		{491D8252-0A0A-4635-B37E-422B95778640}.Release|Any CPU.ActiveCfg = Release|Any CPU
		{491D8252-0A0A-4635-B37E-422B95778640}.Release|Any CPU.Build.0 = Release|Any CPU
	EndGlobalSection
	GlobalSection(SolutionProperties) = preSolution
		HideSolutionNode = FALSE
	EndGlobalSection
	GlobalSection(ExtensibilityGlobals) = postSolution
		SolutionGuid = {B4C378B9-3A43-41D2-95C2-CCB94A504A0B}
	EndGlobalSection
EndGlobal
